
Microsoft Visual Studio Solution File, Format Version 12.00
# Visual Studio 15
VisualStudioVersion = 15.0.28307.271
MinimumVisualStudioVersion = 10.0.40219.1
Project("{FAE04EC0-301F-11D3-BF4B-00C04F79EFBC}") = "OnTopicTest", "OnTopicTest.csproj", "{FF6820C4-B23E-45F9-9B7D-BE0898548880}"
EndProject
Global
	GlobalSection(SolutionConfigurationPlatforms) = preSolution
		Debug|Any CPU = Debug|Any CPU
		Release|Any CPU = Release|Any CPU
	EndGlobalSection
	GlobalSection(ProjectConfigurationPlatforms) = postSolution
		{FF6820C4-B23E-45F9-9B7D-BE0898548880}.Debug|Any CPU.ActiveCfg = Debug|Any CPU
		{FF6820C4-B23E-45F9-9B7D-BE0898548880}.Debug|Any CPU.Build.0 = Debug|Any CPU
		{FF6820C4-B23E-45F9-9B7D-BE0898548880}.Release|Any CPU.ActiveCfg = Release|Any CPU
		{FF6820C4-B23E-45F9-9B7D-BE0898548880}.Release|Any CPU.Build.0 = Release|Any CPU
	EndGlobalSection
	GlobalSection(SolutionProperties) = preSolution
		HideSolutionNode = FALSE
	EndGlobalSection
	GlobalSection(ExtensibilityGlobals) = postSolution
		SolutionGuid = {BFCD5D35-14F8-4570-B0E3-5884EFD7C01C}
	EndGlobalSection
EndGlobal
